
Microsoft Visual Studio Solution File, Format Version 12.00
# Visual Studio Version 17
VisualStudioVersion = 17.5.002.0
MinimumVisualStudioVersion = 10.0.40219.1
Project("{2150E333-8FDC-42A3-9474-1A3956D46DE8}") = "src", "src", "{4AD61958-0EF3-4910-945B-1513D5422F80}"
EndProject
Project("{9A19103F-16F7-4668-BE54-9A1E7A4F7556}") = "Library", "src\Library\Library.csproj", "{5DBB9373-55D8-468A-B324-006E43585A95}"
EndProject
Project("{9A19103F-16F7-4668-BE54-9A1E7A4F7556}") = "Program", "src\Program\Program.csproj", "{E557E958-1951-48A6-9497-F94A54704474}"
EndProject
Global
	GlobalSection(SolutionConfigurationPlatforms) = preSolution
		Debug|Any CPU = Debug|Any CPU
		Release|Any CPU = Release|Any CPU
	EndGlobalSection
	GlobalSection(ProjectConfigurationPlatforms) = postSolution
		{5DBB9373-55D8-468A-B324-006E43585A95}.Debug|Any CPU.ActiveCfg = Debug|Any CPU
		{5DBB9373-55D8-468A-B324-006E43585A95}.Debug|Any CPU.Build.0 = Debug|Any CPU
		{5DBB9373-55D8-468A-B324-006E43585A95}.Release|Any CPU.ActiveCfg = Release|Any CPU
		{5DBB9373-55D8-468A-B324-006E43585A95}.Release|Any CPU.Build.0 = Release|Any CPU
		{E557E958-1951-48A6-9497-F94A54704474}.Debug|Any CPU.ActiveCfg = Debug|Any CPU
		{E557E958-1951-48A6-9497-F94A54704474}.Debug|Any CPU.Build.0 = Debug|Any CPU
		{E557E958-1951-48A6-9497-F94A54704474}.Release|Any CPU.ActiveCfg = Release|Any CPU
		{E557E958-1951-48A6-9497-F94A54704474}.Release|Any CPU.Build.0 = Release|Any CPU
	EndGlobalSection
	GlobalSection(SolutionProperties) = preSolution
		HideSolutionNode = FALSE
	EndGlobalSection
	GlobalSection(NestedProjects) = preSolution
		{5DBB9373-55D8-468A-B324-006E43585A95} = {4AD61958-0EF3-4910-945B-1513D5422F80}
		{E557E958-1951-48A6-9497-F94A54704474} = {4AD61958-0EF3-4910-945B-1513D5422F80}
	EndGlobalSection
	GlobalSection(ExtensibilityGlobals) = postSolution
		SolutionGuid = {AF748307-B5DC-4422-900C-65A8FD34A6B9}
	EndGlobalSection
EndGlobal
